// !$*UTF8*$!
{
	archiveVersion = 1;
	classes = {
	};
	objectVersion = 56;
	objects = {

/* Begin PBXBuildFile section */
		3EB3D6882AB0A21500575F11 /* SearchBar.swift in Sources */ = {isa = PBXBuildFile; fileRef = 3EB3D6872AB0A21500575F11 /* SearchBar.swift */; };
		3EF019D22AAF5FEA000AB245 /* PracticalTest_BSApp.swift in Sources */ = {isa = PBXBuildFile; fileRef = 3EF019D12AAF5FEA000AB245 /* PracticalTest_BSApp.swift */; };
		3EF019D42AAF5FEA000AB245 /* ContentView.swift in Sources */ = {isa = PBXBuildFile; fileRef = 3EF019D32AAF5FEA000AB245 /* ContentView.swift */; };
		3EF019D62AAF5FEA000AB245 /* Assets.xcassets in Resources */ = {isa = PBXBuildFile; fileRef = 3EF019D52AAF5FEA000AB245 /* Assets.xcassets */; };
		3EF019D92AAF5FEA000AB245 /* Preview Assets.xcassets in Resources */ = {isa = PBXBuildFile; fileRef = 3EF019D82AAF5FEA000AB245 /* Preview Assets.xcassets */; };
		3EF019E62AAF6B27000AB245 /* MovieRow.swift in Sources */ = {isa = PBXBuildFile; fileRef = 3EF019E52AAF6B27000AB245 /* MovieRow.swift */; };
		3EF019E82AAF6B90000AB245 /* Movie.swift in Sources */ = {isa = PBXBuildFile; fileRef = 3EF019E72AAF6B90000AB245 /* Movie.swift */; };
/* End PBXBuildFile section */

/* Begin PBXFileReference section */
		3EB3D6872AB0A21500575F11 /* SearchBar.swift */ = {isa = PBXFileReference; lastKnownFileType = sourcecode.swift; path = SearchBar.swift; sourceTree = "<group>"; };
		3EF019CE2AAF5FEA000AB245 /* PracticalTest-BS.app */ = {isa = PBXFileReference; explicitFileType = wrapper.application; includeInIndex = 0; path = "PracticalTest-BS.app"; sourceTree = BUILT_PRODUCTS_DIR; };
		3EF019D12AAF5FEA000AB245 /* PracticalTest_BSApp.swift */ = {isa = PBXFileReference; lastKnownFileType = sourcecode.swift; path = PracticalTest_BSApp.swift; sourceTree = "<group>"; };
		3EF019D32AAF5FEA000AB245 /* ContentView.swift */ = {isa = PBXFileReference; lastKnownFileType = sourcecode.swift; path = ContentView.swift; sourceTree = "<group>"; };
		3EF019D52AAF5FEA000AB245 /* Assets.xcassets */ = {isa = PBXFileReference; lastKnownFileType = folder.assetcatalog; path = Assets.xcassets; sourceTree = "<group>"; };
		3EF019D82AAF5FEA000AB245 /* Preview Assets.xcassets */ = {isa = PBXFileReference; lastKnownFileType = folder.assetcatalog; path = "Preview Assets.xcassets"; sourceTree = "<group>"; };
		3EF019E52AAF6B27000AB245 /* MovieRow.swift */ = {isa = PBXFileReference; lastKnownFileType = sourcecode.swift; path = MovieRow.swift; sourceTree = "<group>"; };
		3EF019E72AAF6B90000AB245 /* Movie.swift */ = {isa = PBXFileReference; lastKnownFileType = sourcecode.swift; path = Movie.swift; sourceTree = "<group>"; };
/* End PBXFileReference section */

/* Begin PBXFrameworksBuildPhase section */
		3EF019CB2AAF5FEA000AB245 /* Frameworks */ = {
			isa = PBXFrameworksBuildPhase;
			buildActionMask = 2147483647;
			files = (
			);
			runOnlyForDeploymentPostprocessing = 0;
		};
/* End PBXFrameworksBuildPhase section */

/* Begin PBXGroup section */
		3EB3D6862AB0A0D800575F11 /* Views */ = {
			isa = PBXGroup;
			children = (
				3EB3D6872AB0A21500575F11 /* SearchBar.swift */,
			);
			path = Views;
			sourceTree = "<group>";
		};
		3EF019C52AAF5FE9000AB245 = {
			isa = PBXGroup;
			children = (
				3EF019D02AAF5FEA000AB245 /* PracticalTest-BS */,
				3EF019CF2AAF5FEA000AB245 /* Products */,
			);
			sourceTree = "<group>";
		};
		3EF019CF2AAF5FEA000AB245 /* Products */ = {
			isa = PBXGroup;
			children = (
				3EF019CE2AAF5FEA000AB245 /* PracticalTest-BS.app */,
			);
			name = Products;
			sourceTree = "<group>";
		};
		3EF019D02AAF5FEA000AB245 /* PracticalTest-BS */ = {
			isa = PBXGroup;
			children = (
				3EF019E32AAF6536000AB245 /* Core */,
				3EF019E12AAF651E000AB245 /* Extension */,
				3EF019DF2AAF64EC000AB245 /* Model */,
				3EF019E02AAF650D000AB245 /* Service */,
				3EF019E22AAF6529000AB245 /* Utility */,
				3EF019D12AAF5FEA000AB245 /* PracticalTest_BSApp.swift */,
				3EF019D32AAF5FEA000AB245 /* ContentView.swift */,
				3EF019D52AAF5FEA000AB245 /* Assets.xcassets */,
				3EF019D72AAF5FEA000AB245 /* Preview Content */,
			);
			path = "PracticalTest-BS";
			sourceTree = "<group>";
		};
		3EF019D72AAF5FEA000AB245 /* Preview Content */ = {
			isa = PBXGroup;
			children = (
				3EF019D82AAF5FEA000AB245 /* Preview Assets.xcassets */,
			);
			path = "Preview Content";
			sourceTree = "<group>";
		};
		3EF019DF2AAF64EC000AB245 /* Model */ = {
			isa = PBXGroup;
			children = (
				3EF019E72AAF6B90000AB245 /* Movie.swift */,
			);
			path = Model;
			sourceTree = "<group>";
		};
		3EF019E02AAF650D000AB245 /* Service */ = {
			isa = PBXGroup;
			children = (
			);
			path = Service;
			sourceTree = "<group>";
		};
		3EF019E12AAF651E000AB245 /* Extension */ = {
			isa = PBXGroup;
			children = (
			);
			path = Extension;
			sourceTree = "<group>";
		};
		3EF019E22AAF6529000AB245 /* Utility */ = {
			isa = PBXGroup;
			children = (
			);
			path = Utility;
			sourceTree = "<group>";
		};
		3EF019E32AAF6536000AB245 /* Core */ = {
			isa = PBXGroup;
			children = (
				3EB3D6862AB0A0D800575F11 /* Views */,
				3EF019E42AAF6B0D000AB245 /* Components */,
			);
			path = Core;
			sourceTree = "<group>";
		};
		3EF019E42AAF6B0D000AB245 /* Components */ = {
			isa = PBXGroup;
			children = (
				3EF019E52AAF6B27000AB245 /* MovieRow.swift */,
			);
			path = Components;
			sourceTree = "<group>";
		};
/* End PBXGroup section */

/* Begin PBXNativeTarget section */
		3EF019CD2AAF5FEA000AB245 /* PracticalTest-BS */ = {
			isa = PBXNativeTarget;
			buildConfigurationList = 3EF019DC2AAF5FEA000AB245 /* Build configuration list for PBXNativeTarget "PracticalTest-BS" */;
			buildPhases = (
				3EF019CA2AAF5FEA000AB245 /* Sources */,
				3EF019CB2AAF5FEA000AB245 /* Frameworks */,
				3EF019CC2AAF5FEA000AB245 /* Resources */,
			);
			buildRules = (
			);
			dependencies = (
			);
			name = "PracticalTest-BS";
			productName = "PracticalTest-BS";
			productReference = 3EF019CE2AAF5FEA000AB245 /* PracticalTest-BS.app */;
			productType = "com.apple.product-type.application";
		};
/* End PBXNativeTarget section */

/* Begin PBXProject section */
		3EF019C62AAF5FE9000AB245 /* Project object */ = {
			isa = PBXProject;
			attributes = {
				BuildIndependentTargetsInParallel = 1;
				LastSwiftUpdateCheck = 1430;
				LastUpgradeCheck = 1430;
				TargetAttributes = {
					3EF019CD2AAF5FEA000AB245 = {
						CreatedOnToolsVersion = 14.3;
					};
				};
			};
			buildConfigurationList = 3EF019C92AAF5FE9000AB245 /* Build configuration list for PBXProject "PracticalTest-BS" */;
			compatibilityVersion = "Xcode 14.0";
			developmentRegion = en;
			hasScannedForEncodings = 0;
			knownRegions = (
				en,
				Base,
			);
			mainGroup = 3EF019C52AAF5FE9000AB245;
			productRefGroup = 3EF019CF2AAF5FEA000AB245 /* Products */;
			projectDirPath = "";
			projectRoot = "";
			targets = (
				3EF019CD2AAF5FEA000AB245 /* PracticalTest-BS */,
			);
		};
/* End PBXProject section */

/* Begin PBXResourcesBuildPhase section */
		3EF019CC2AAF5FEA000AB245 /* Resources */ = {
			isa = PBXResourcesBuildPhase;
			buildActionMask = 2147483647;
			files = (
				3EF019D92AAF5FEA000AB245 /* Preview Assets.xcassets in Resources */,
				3EF019D62AAF5FEA000AB245 /* Assets.xcassets in Resources */,
			);
			runOnlyForDeploymentPostprocessing = 0;
		};
/* End PBXResourcesBuildPhase section */

/* Begin PBXSourcesBuildPhase section */
		3EF019CA2AAF5FEA000AB245 /* Sources */ = {
			isa = PBXSourcesBuildPhase;
			buildActionMask = 2147483647;
			files = (
				3EF019D42AAF5FEA000AB245 /* ContentView.swift in Sources */,
				3EF019E62AAF6B27000AB245 /* MovieRow.swift in Sources */,
				3EB3D6882AB0A21500575F11 /* SearchBar.swift in Sources */,
				3EF019E82AAF6B90000AB245 /* Movie.swift in Sources */,
				3EF019D22AAF5FEA000AB245 /* PracticalTest_BSApp.swift in Sources */,
			);
			runOnlyForDeploymentPostprocessing = 0;
		};
/* End PBXSourcesBuildPhase section */

/* Begin XCBuildConfiguration section */
		3EF019DA2AAF5FEA000AB245 /* Debug */ = {
			isa = XCBuildConfiguration;
			buildSettings = {
				ALWAYS_SEARCH_USER_PATHS = NO;
				CLANG_ANALYZER_NONNULL = YES;
				CLANG_ANALYZER_NUMBER_OBJECT_CONVERSION = YES_AGGRESSIVE;
				CLANG_CXX_LANGUAGE_STANDARD = "gnu++20";
				CLANG_ENABLE_MODULES = YES;
				CLANG_ENABLE_OBJC_ARC = YES;
				CLANG_ENABLE_OBJC_WEAK = YES;
				CLANG_WARN_BLOCK_CAPTURE_AUTORELEASING = YES;
				CLANG_WARN_BOOL_CONVERSION = YES;
				CLANG_WARN_COMMA = YES;
				CLANG_WARN_CONSTANT_CONVERSION = YES;
				CLANG_WARN_DEPRECATED_OBJC_IMPLEMENTATIONS = YES;
				CLANG_WARN_DIRECT_OBJC_ISA_USAGE = YES_ERROR;
				CLANG_WARN_DOCUMENTATION_COMMENTS = YES;
				CLANG_WARN_EMPTY_BODY = YES;
				CLANG_WARN_ENUM_CONVERSION = YES;
				CLANG_WARN_INFINITE_RECURSION = YES;
				CLANG_WARN_INT_CONVERSION = YES;
				CLANG_WARN_NON_LITERAL_NULL_CONVERSION = YES;
				CLANG_WARN_OBJC_IMPLICIT_RETAIN_SELF = YES;
				CLANG_WARN_OBJC_LITERAL_CONVERSION = YES;
				CLANG_WARN_OBJC_ROOT_CLASS = YES_ERROR;
				CLANG_WARN_QUOTED_INCLUDE_IN_FRAMEWORK_HEADER = YES;
				CLANG_WARN_RANGE_LOOP_ANALYSIS = YES;
				CLANG_WARN_STRICT_PROTOTYPES = YES;
				CLANG_WARN_SUSPICIOUS_MOVE = YES;
				CLANG_WARN_UNGUARDED_AVAILABILITY = YES_AGGRESSIVE;
				CLANG_WARN_UNREACHABLE_CODE = YES;
				CLANG_WARN__DUPLICATE_METHOD_MATCH = YES;
				COPY_PHASE_STRIP = NO;
				DEBUG_INFORMATION_FORMAT = dwarf;
				ENABLE_STRICT_OBJC_MSGSEND = YES;
				ENABLE_TESTABILITY = YES;
				GCC_C_LANGUAGE_STANDARD = gnu11;
				GCC_DYNAMIC_NO_PIC = NO;
				GCC_NO_COMMON_BLOCKS = YES;
				GCC_OPTIMIZATION_LEVEL = 0;
				GCC_PREPROCESSOR_DEFINITIONS = (
					"DEBUG=1",
					"$(inherited)",
				);
				GCC_WARN_64_TO_32_BIT_CONVERSION = YES;
				GCC_WARN_ABOUT_RETURN_TYPE = YES_ERROR;
				GCC_WARN_UNDECLARED_SELECTOR = YES;
				GCC_WARN_UNINITIALIZED_AUTOS = YES_AGGRESSIVE;
				GCC_WARN_UNUSED_FUNCTION = YES;
				GCC_WARN_UNUSED_VARIABLE = YES;
				IPHONEOS_DEPLOYMENT_TARGET = 16.4;
				MTL_ENABLE_DEBUG_INFO = INCLUDE_SOURCE;
				MTL_FAST_MATH = YES;
				ONLY_ACTIVE_ARCH = YES;
				SDKROOT = iphoneos;
				SWIFT_ACTIVE_COMPILATION_CONDITIONS = DEBUG;
				SWIFT_OPTIMIZATION_LEVEL = "-Onone";
			};
			name = Debug;
		};
		3EF019DB2AAF5FEA000AB245 /* Release */ = {
			isa = XCBuildConfiguration;
			buildSettings = {
				ALWAYS_SEARCH_USER_PATHS = NO;
				CLANG_ANALYZER_NONNULL = YES;
				CLANG_ANALYZER_NUMBER_OBJECT_CONVERSION = YES_AGGRESSIVE;
				CLANG_CXX_LANGUAGE_STANDARD = "gnu++20";
				CLANG_ENABLE_MODULES = YES;
				CLANG_ENABLE_OBJC_ARC = YES;
				CLANG_ENABLE_OBJC_WEAK = YES;
				CLANG_WARN_BLOCK_CAPTURE_AUTORELEASING = YES;
				CLANG_WARN_BOOL_CONVERSION = YES;
				CLANG_WARN_COMMA = YES;
				CLANG_WARN_CONSTANT_CONVERSION = YES;
				CLANG_WARN_DEPRECATED_OBJC_IMPLEMENTATIONS = YES;
				CLANG_WARN_DIRECT_OBJC_ISA_USAGE = YES_ERROR;
				CLANG_WARN_DOCUMENTATION_COMMENTS = YES;
				CLANG_WARN_EMPTY_BODY = YES;
				CLANG_WARN_ENUM_CONVERSION = YES;
				CLANG_WARN_INFINITE_RECURSION = YES;
				CLANG_WARN_INT_CONVERSION = YES;
				CLANG_WARN_NON_LITERAL_NULL_CONVERSION = YES;
				CLANG_WARN_OBJC_IMPLICIT_RETAIN_SELF = YES;
				CLANG_WARN_OBJC_LITERAL_CONVERSION = YES;
				CLANG_WARN_OBJC_ROOT_CLASS = YES_ERROR;
				CLANG_WARN_QUOTED_INCLUDE_IN_FRAMEWORK_HEADER = YES;
				CLANG_WARN_RANGE_LOOP_ANALYSIS = YES;
				CLANG_WARN_STRICT_PROTOTYPES = YES;
				CLANG_WARN_SUSPICIOUS_MOVE = YES;
				CLANG_WARN_UNGUARDED_AVAILABILITY = YES_AGGRESSIVE;
				CLANG_WARN_UNREACHABLE_CODE = YES;
				CLANG_WARN__DUPLICATE_METHOD_MATCH = YES;
				COPY_PHASE_STRIP = NO;
				DEBUG_INFORMATION_FORMAT = "dwarf-with-dsym";
				ENABLE_NS_ASSERTIONS = NO;
				ENABLE_STRICT_OBJC_MSGSEND = YES;
				GCC_C_LANGUAGE_STANDARD = gnu11;
				GCC_NO_COMMON_BLOCKS = YES;
				GCC_WARN_64_TO_32_BIT_CONVERSION = YES;
				GCC_WARN_ABOUT_RETURN_TYPE = YES_ERROR;
				GCC_WARN_UNDECLARED_SELECTOR = YES;
				GCC_WARN_UNINITIALIZED_AUTOS = YES_AGGRESSIVE;
				GCC_WARN_UNUSED_FUNCTION = YES;
				GCC_WARN_UNUSED_VARIABLE = YES;
				IPHONEOS_DEPLOYMENT_TARGET = 16.4;
				MTL_ENABLE_DEBUG_INFO = NO;
				MTL_FAST_MATH = YES;
				SDKROOT = iphoneos;
				SWIFT_COMPILATION_MODE = wholemodule;
				SWIFT_OPTIMIZATION_LEVEL = "-O";
				VALIDATE_PRODUCT = YES;
			};
			name = Release;
		};
		3EF019DD2AAF5FEA000AB245 /* Debug */ = {
			isa = XCBuildConfiguration;
			buildSettings = {
				ASSETCATALOG_COMPILER_APPICON_NAME = AppIcon;
				ASSETCATALOG_COMPILER_GLOBAL_ACCENT_COLOR_NAME = AccentColor;
				CODE_SIGN_STYLE = Automatic;
				CURRENT_PROJECT_VERSION = 1;
				DEVELOPMENT_ASSET_PATHS = "\"PracticalTest-BS/Preview Content\"";
				DEVELOPMENT_TEAM = MWGJB7TA3B;
				ENABLE_PREVIEWS = YES;
				GENERATE_INFOPLIST_FILE = YES;
				INFOPLIST_KEY_UIApplicationSceneManifest_Generation = YES;
				INFOPLIST_KEY_UIApplicationSupportsIndirectInputEvents = YES;
				INFOPLIST_KEY_UILaunchScreen_Generation = YES;
				INFOPLIST_KEY_UISupportedInterfaceOrientations_iPad = "UIInterfaceOrientationPortrait UIInterfaceOrientationPortraitUpsideDown UIInterfaceOrientationLandscapeLeft UIInterfaceOrientationLandscapeRight";
				INFOPLIST_KEY_UISupportedInterfaceOrientations_iPhone = "UIInterfaceOrientationPortrait UIInterfaceOrientationLandscapeLeft UIInterfaceOrientationLandscapeRight";
				LD_RUNPATH_SEARCH_PATHS = (
					"$(inherited)",
					"@executable_path/Frameworks",
				);
				MARKETING_VERSION = 1.0;
				PRODUCT_BUNDLE_IDENTIFIER = "com.jubel.PracticalTest-BS";
				PRODUCT_NAME = "$(TARGET_NAME)";
				SWIFT_EMIT_LOC_STRINGS = YES;
				SWIFT_VERSION = 5.0;
				TARGETED_DEVICE_FAMILY = "1,2";
			};
			name = Debug;
		};
		3EF019DE2AAF5FEA000AB245 /* Release */ = {
			isa = XCBuildConfiguration;
			buildSettings = {
				ASSETCATALOG_COMPILER_APPICON_NAME = AppIcon;
				ASSETCATALOG_COMPILER_GLOBAL_ACCENT_COLOR_NAME = AccentColor;
				CODE_SIGN_STYLE = Automatic;
				CURRENT_PROJECT_VERSION = 1;
				DEVELOPMENT_ASSET_PATHS = "\"PracticalTest-BS/Preview Content\"";
				DEVELOPMENT_TEAM = MWGJB7TA3B;
				ENABLE_PREVIEWS = YES;
				GENERATE_INFOPLIST_FILE = YES;
				INFOPLIST_KEY_UIApplicationSceneManifest_Generation = YES;
				INFOPLIST_KEY_UIApplicationSupportsIndirectInputEvents = YES;
				INFOPLIST_KEY_UILaunchScreen_Generation = YES;
				INFOPLIST_KEY_UISupportedInterfaceOrientations_iPad = "UIInterfaceOrientationPortrait UIInterfaceOrientationPortraitUpsideDown UIInterfaceOrientationLandscapeLeft UIInterfaceOrientationLandscapeRight";
				INFOPLIST_KEY_UISupportedInterfaceOrientations_iPhone = "UIInterfaceOrientationPortrait UIInterfaceOrientationLandscapeLeft UIInterfaceOrientationLandscapeRight";
				LD_RUNPATH_SEARCH_PATHS = (
					"$(inherited)",
					"@executable_path/Frameworks",
				);
				MARKETING_VERSION = 1.0;
				PRODUCT_BUNDLE_IDENTIFIER = "com.jubel.PracticalTest-BS";
				PRODUCT_NAME = "$(TARGET_NAME)";
				SWIFT_EMIT_LOC_STRINGS = YES;
				SWIFT_VERSION = 5.0;
				TARGETED_DEVICE_FAMILY = "1,2";
			};
			name = Release;
		};
/* End XCBuildConfiguration section */

/* Begin XCConfigurationList section */
		3EF019C92AAF5FE9000AB245 /* Build configuration list for PBXProject "PracticalTest-BS" */ = {
			isa = XCConfigurationList;
			buildConfigurations = (
				3EF019DA2AAF5FEA000AB245 /* Debug */,
				3EF019DB2AAF5FEA000AB245 /* Release */,
			);
			defaultConfigurationIsVisible = 0;
			defaultConfigurationName = Release;
		};
		3EF019DC2AAF5FEA000AB245 /* Build configuration list for PBXNativeTarget "PracticalTest-BS" */ = {
			isa = XCConfigurationList;
			buildConfigurations = (
				3EF019DD2AAF5FEA000AB245 /* Debug */,
				3EF019DE2AAF5FEA000AB245 /* Release */,
			);
			defaultConfigurationIsVisible = 0;
			defaultConfigurationName = Release;
		};
/* End XCConfigurationList section */
	};
	rootObject = 3EF019C62AAF5FE9000AB245 /* Project object */;
}
